
Microsoft Visual Studio Solution File, Format Version 12.00
# Visual Studio Version 17
VisualStudioVersion = 17.5.002.0
MinimumVisualStudioVersion = 10.0.40219.1
Project("{2150E333-8FDC-42A3-9474-1A3956D46DE8}") = "Finished", "Finished", "{59408425-F4E9-40F3-9B1B-45836EEB9218}"
EndProject
Project("{2150E333-8FDC-42A3-9474-1A3956D46DE8}") = "Lambdas", "Lambdas", "{44D8E51E-41F1-4882-9B2E-AADDF2A27CE0}"
EndProject
Project("{9A19103F-16F7-4668-BE54-9A1E7A4F7556}") = "LambdaDelegates", "Finished\Lambdas\LambdaDelegates\LambdaDelegates.csproj", "{F49D8CC7-DAB7-45DD-A1D7-4AAA18F05024}"
EndProject
Project("{9A19103F-16F7-4668-BE54-9A1E7A4F7556}") = "BasicLambdas", "Finished\Lambdas\BasicLambdas\BasicLambdas.csproj", "{28DF8274-AA6A-417F-9C81-47D914D17B7F}"
EndProject
Project("{9A19103F-16F7-4668-BE54-9A1E7A4F7556}") = "LambdasSolution", "Finished\Lambdas\LambdasSolution\LambdasSolution.csproj", "{AC57EDCE-DB98-4C9C-9759-50A9F1D248A7}"
EndProject
Project("{2150E333-8FDC-42A3-9474-1A3956D46DE8}") = "Delegates", "Delegates", "{7E82A77F-9D7E-4075-888A-3257D7208EF9}"
EndProject
Project("{9A19103F-16F7-4668-BE54-9A1E7A4F7556}") = "DelegatesSolution", "Finished\Delegates\DelegatesSolution\DelegatesSolution.csproj", "{A954C0E5-C1A3-45AE-92EB-E35666DF2218}"
EndProject
Project("{9A19103F-16F7-4668-BE54-9A1E7A4F7556}") = "BasicDelegates", "Finished\Delegates\BasicDelegates\BasicDelegates.csproj", "{5E65856D-AD86-443C-BC1F-55042F24E7B1}"
EndProject
Project("{9A19103F-16F7-4668-BE54-9A1E7A4F7556}") = "Composable", "Finished\Delegates\Composable\Composable.csproj", "{4EB40282-4A5E-49D1-8F06-D719828BC931}"
EndProject
Project("{9A19103F-16F7-4668-BE54-9A1E7A4F7556}") = "Composable2", "Finished\Delegates\Composable2\Composable2.csproj", "{9D780B8B-EE5B-4119-BED4-72B3FF2463FD}"
EndProject
Project("{9A19103F-16F7-4668-BE54-9A1E7A4F7556}") = "AnonymousDelegates", "Finished\Delegates\AnonymousDelegates\AnonymousDelegates.csproj", "{6ABC90BD-B835-44A9-A7AA-365230642A93}"
EndProject
Project("{2150E333-8FDC-42A3-9474-1A3956D46DE8}") = "Events", "Events", "{0678D952-B02B-4600-A2BE-613940FDDDEB}"
EndProject
Project("{9A19103F-16F7-4668-BE54-9A1E7A4F7556}") = "BasicEvents", "Finished\Events\BasicEvents\BasicEvents.csproj", "{C3FBF849-69FD-49D8-9731-41E709F2ECE1}"
EndProject
Project("{9A19103F-16F7-4668-BE54-9A1E7A4F7556}") = "ChainedEvents", "Finished\Events\ChainedEvents\ChainedEvents.csproj", "{B02AFEC0-8664-4347-B26E-D92FA06C5DC1}"
EndProject
Project("{9A19103F-16F7-4668-BE54-9A1E7A4F7556}") = "EventsSolution", "Finished\Events\EventsSolution\EventsSolution.csproj", "{26B4C622-C614-4A20-AD80-C0923CA53B5E}"
EndProject
Project("{2150E333-8FDC-42A3-9474-1A3956D46DE8}") = "Start", "Start", "{E58362CD-7CA5-4C61-B764-F14946C8A60A}"
EndProject
Project("{2150E333-8FDC-42A3-9474-1A3956D46DE8}") = "Lambdas", "Lambdas", "{EB902C4C-D172-459D-969A-527C4A83CF35}"
EndProject
Project("{9A19103F-16F7-4668-BE54-9A1E7A4F7556}") = "LambdaDelegates", "Start\Lambdas\LambdaDelegates\LambdaDelegates.csproj", "{E34202F9-8626-4F11-9ED2-67DB91E24537}"
EndProject
Project("{9A19103F-16F7-4668-BE54-9A1E7A4F7556}") = "BasicLambdas", "Start\Lambdas\BasicLambdas\BasicLambdas.csproj", "{3090AB5F-565F-455C-A3D6-70AD8FD3829B}"
EndProject
Project("{9A19103F-16F7-4668-BE54-9A1E7A4F7556}") = "LambdasSolution", "Start\Lambdas\LambdasSolution\LambdasSolution.csproj", "{7482136D-5C20-4858-9CA4-AE8565733D9A}"
EndProject
Project("{2150E333-8FDC-42A3-9474-1A3956D46DE8}") = "Delegates", "Delegates", "{7F22B492-F513-4EF8-81A7-657EA60C2FA9}"
EndProject
Project("{9A19103F-16F7-4668-BE54-9A1E7A4F7556}") = "DelegatesSolution", "Start\Delegates\DelegatesSolution\DelegatesSolution.csproj", "{2728182A-B77A-4A83-A59A-EE8FEB26761D}"
EndProject
Project("{9A19103F-16F7-4668-BE54-9A1E7A4F7556}") = "BasicDelegates", "Start\Delegates\BasicDelegates\BasicDelegates.csproj", "{1CB451DC-4022-43DE-B50A-87A66547D1CF}"
EndProject
Project("{9A19103F-16F7-4668-BE54-9A1E7A4F7556}") = "Composable", "Start\Delegates\Composable\Composable.csproj", "{9724962F-DDCF-4BF3-A7F5-AC2B03614D87}"
EndProject
Project("{9A19103F-16F7-4668-BE54-9A1E7A4F7556}") = "Composable2", "Start\Delegates\Composable2\Composable2.csproj", "{F9F3894F-891E-48C9-BC76-254CB4CDA58B}"
EndProject
Project("{9A19103F-16F7-4668-BE54-9A1E7A4F7556}") = "AnonymousDelegates", "Start\Delegates\AnonymousDelegates\AnonymousDelegates.csproj", "{B1D64C16-2177-460E-B826-D921EDCCBD95}"
EndProject
Project("{2150E333-8FDC-42A3-9474-1A3956D46DE8}") = "Events", "Events", "{6DB15227-8735-478E-BD4E-66BD521C5B0E}"
EndProject
Project("{9A19103F-16F7-4668-BE54-9A1E7A4F7556}") = "BasicEvents", "Start\Events\BasicEvents\BasicEvents.csproj", "{1E900C7A-43E5-42F1-A794-220ADAB5D51E}"
EndProject
Project("{9A19103F-16F7-4668-BE54-9A1E7A4F7556}") = "ChainedEvents", "Start\Events\ChainedEvents\ChainedEvents.csproj", "{FDFAECBA-B6D6-4D64-AE53-0F13891F81BD}"
EndProject
Project("{9A19103F-16F7-4668-BE54-9A1E7A4F7556}") = "EventsSolution", "Start\Events\EventsSolution\EventsSolution.csproj", "{F3EC7CBD-27F7-4417-A73B-E91B031D405F}"
EndProject
Global
	GlobalSection(SolutionConfigurationPlatforms) = preSolution
		Debug|Any CPU = Debug|Any CPU
		Release|Any CPU = Release|Any CPU
	EndGlobalSection
	GlobalSection(ProjectConfigurationPlatforms) = postSolution
		{F49D8CC7-DAB7-45DD-A1D7-4AAA18F05024}.Debug|Any CPU.ActiveCfg = Debug|Any CPU
		{F49D8CC7-DAB7-45DD-A1D7-4AAA18F05024}.Debug|Any CPU.Build.0 = Debug|Any CPU
		{F49D8CC7-DAB7-45DD-A1D7-4AAA18F05024}.Release|Any CPU.ActiveCfg = Release|Any CPU
		{F49D8CC7-DAB7-45DD-A1D7-4AAA18F05024}.Release|Any CPU.Build.0 = Release|Any CPU
		{28DF8274-AA6A-417F-9C81-47D914D17B7F}.Debug|Any CPU.ActiveCfg = Debug|Any CPU
		{28DF8274-AA6A-417F-9C81-47D914D17B7F}.Debug|Any CPU.Build.0 = Debug|Any CPU
		{28DF8274-AA6A-417F-9C81-47D914D17B7F}.Release|Any CPU.ActiveCfg = Release|Any CPU
		{28DF8274-AA6A-417F-9C81-47D914D17B7F}.Release|Any CPU.Build.0 = Release|Any CPU
		{AC57EDCE-DB98-4C9C-9759-50A9F1D248A7}.Debug|Any CPU.ActiveCfg = Debug|Any CPU
		{AC57EDCE-DB98-4C9C-9759-50A9F1D248A7}.Debug|Any CPU.Build.0 = Debug|Any CPU
		{AC57EDCE-DB98-4C9C-9759-50A9F1D248A7}.Release|Any CPU.ActiveCfg = Release|Any CPU
		{AC57EDCE-DB98-4C9C-9759-50A9F1D248A7}.Release|Any CPU.Build.0 = Release|Any CPU
		{A954C0E5-C1A3-45AE-92EB-E35666DF2218}.Debug|Any CPU.ActiveCfg = Debug|Any CPU
		{A954C0E5-C1A3-45AE-92EB-E35666DF2218}.Debug|Any CPU.Build.0 = Debug|Any CPU
		{A954C0E5-C1A3-45AE-92EB-E35666DF2218}.Release|Any CPU.ActiveCfg = Release|Any CPU
		{A954C0E5-C1A3-45AE-92EB-E35666DF2218}.Release|Any CPU.Build.0 = Release|Any CPU
		{5E65856D-AD86-443C-BC1F-55042F24E7B1}.Debug|Any CPU.ActiveCfg = Debug|Any CPU
		{5E65856D-AD86-443C-BC1F-55042F24E7B1}.Debug|Any CPU.Build.0 = Debug|Any CPU
		{5E65856D-AD86-443C-BC1F-55042F24E7B1}.Release|Any CPU.ActiveCfg = Release|Any CPU
		{5E65856D-AD86-443C-BC1F-55042F24E7B1}.Release|Any CPU.Build.0 = Release|Any CPU
		{4EB40282-4A5E-49D1-8F06-D719828BC931}.Debug|Any CPU.ActiveCfg = Debug|Any CPU
		{4EB40282-4A5E-49D1-8F06-D719828BC931}.Debug|Any CPU.Build.0 = Debug|Any CPU
		{4EB40282-4A5E-49D1-8F06-D719828BC931}.Release|Any CPU.ActiveCfg = Release|Any CPU
		{4EB40282-4A5E-49D1-8F06-D719828BC931}.Release|Any CPU.Build.0 = Release|Any CPU
		{9D780B8B-EE5B-4119-BED4-72B3FF2463FD}.Debug|Any CPU.ActiveCfg = Debug|Any CPU
		{9D780B8B-EE5B-4119-BED4-72B3FF2463FD}.Debug|Any CPU.Build.0 = Debug|Any CPU
		{9D780B8B-EE5B-4119-BED4-72B3FF2463FD}.Release|Any CPU.ActiveCfg = Release|Any CPU
		{9D780B8B-EE5B-4119-BED4-72B3FF2463FD}.Release|Any CPU.Build.0 = Release|Any CPU
		{6ABC90BD-B835-44A9-A7AA-365230642A93}.Debug|Any CPU.ActiveCfg = Debug|Any CPU
		{6ABC90BD-B835-44A9-A7AA-365230642A93}.Debug|Any CPU.Build.0 = Debug|Any CPU
		{6ABC90BD-B835-44A9-A7AA-365230642A93}.Release|Any CPU.ActiveCfg = Release|Any CPU
		{6ABC90BD-B835-44A9-A7AA-365230642A93}.Release|Any CPU.Build.0 = Release|Any CPU
		{C3FBF849-69FD-49D8-9731-41E709F2ECE1}.Debug|Any CPU.ActiveCfg = Debug|Any CPU
		{C3FBF849-69FD-49D8-9731-41E709F2ECE1}.Debug|Any CPU.Build.0 = Debug|Any CPU
		{C3FBF849-69FD-49D8-9731-41E709F2ECE1}.Release|Any CPU.ActiveCfg = Release|Any CPU
		{C3FBF849-69FD-49D8-9731-41E709F2ECE1}.Release|Any CPU.Build.0 = Release|Any CPU
		{B02AFEC0-8664-4347-B26E-D92FA06C5DC1}.Debug|Any CPU.ActiveCfg = Debug|Any CPU
		{B02AFEC0-8664-4347-B26E-D92FA06C5DC1}.Debug|Any CPU.Build.0 = Debug|Any CPU
		{B02AFEC0-8664-4347-B26E-D92FA06C5DC1}.Release|Any CPU.ActiveCfg = Release|Any CPU
		{B02AFEC0-8664-4347-B26E-D92FA06C5DC1}.Release|Any CPU.Build.0 = Release|Any CPU
		{26B4C622-C614-4A20-AD80-C0923CA53B5E}.Debug|Any CPU.ActiveCfg = Debug|Any CPU
		{26B4C622-C614-4A20-AD80-C0923CA53B5E}.Debug|Any CPU.Build.0 = Debug|Any CPU
		{26B4C622-C614-4A20-AD80-C0923CA53B5E}.Release|Any CPU.ActiveCfg = Release|Any CPU
		{26B4C622-C614-4A20-AD80-C0923CA53B5E}.Release|Any CPU.Build.0 = Release|Any CPU
		{E34202F9-8626-4F11-9ED2-67DB91E24537}.Debug|Any CPU.ActiveCfg = Debug|Any CPU
		{E34202F9-8626-4F11-9ED2-67DB91E24537}.Debug|Any CPU.Build.0 = Debug|Any CPU
		{E34202F9-8626-4F11-9ED2-67DB91E24537}.Release|Any CPU.ActiveCfg = Release|Any CPU
		{E34202F9-8626-4F11-9ED2-67DB91E24537}.Release|Any CPU.Build.0 = Release|Any CPU
		{3090AB5F-565F-455C-A3D6-70AD8FD3829B}.Debug|Any CPU.ActiveCfg = Debug|Any CPU
		{3090AB5F-565F-455C-A3D6-70AD8FD3829B}.Debug|Any CPU.Build.0 = Debug|Any CPU
		{3090AB5F-565F-455C-A3D6-70AD8FD3829B}.Release|Any CPU.ActiveCfg = Release|Any CPU
		{3090AB5F-565F-455C-A3D6-70AD8FD3829B}.Release|Any CPU.Build.0 = Release|Any CPU
		{7482136D-5C20-4858-9CA4-AE8565733D9A}.Debug|Any CPU.ActiveCfg = Debug|Any CPU
		{7482136D-5C20-4858-9CA4-AE8565733D9A}.Debug|Any CPU.Build.0 = Debug|Any CPU
		{7482136D-5C20-4858-9CA4-AE8565733D9A}.Release|Any CPU.ActiveCfg = Release|Any CPU
		{7482136D-5C20-4858-9CA4-AE8565733D9A}.Release|Any CPU.Build.0 = Release|Any CPU
		{2728182A-B77A-4A83-A59A-EE8FEB26761D}.Debug|Any CPU.ActiveCfg = Debug|Any CPU
		{2728182A-B77A-4A83-A59A-EE8FEB26761D}.Debug|Any CPU.Build.0 = Debug|Any CPU
		{2728182A-B77A-4A83-A59A-EE8FEB26761D}.Release|Any CPU.ActiveCfg = Release|Any CPU
		{2728182A-B77A-4A83-A59A-EE8FEB26761D}.Release|Any CPU.Build.0 = Release|Any CPU
		{1CB451DC-4022-43DE-B50A-87A66547D1CF}.Debug|Any CPU.ActiveCfg = Debug|Any CPU
		{1CB451DC-4022-43DE-B50A-87A66547D1CF}.Debug|Any CPU.Build.0 = Debug|Any CPU
		{1CB451DC-4022-43DE-B50A-87A66547D1CF}.Release|Any CPU.ActiveCfg = Release|Any CPU
		{1CB451DC-4022-43DE-B50A-87A66547D1CF}.Release|Any CPU.Build.0 = Release|Any CPU
		{9724962F-DDCF-4BF3-A7F5-AC2B03614D87}.Debug|Any CPU.ActiveCfg = Debug|Any CPU
		{9724962F-DDCF-4BF3-A7F5-AC2B03614D87}.Debug|Any CPU.Build.0 = Debug|Any CPU
		{9724962F-DDCF-4BF3-A7F5-AC2B03614D87}.Release|Any CPU.ActiveCfg = Release|Any CPU
		{9724962F-DDCF-4BF3-A7F5-AC2B03614D87}.Release|Any CPU.Build.0 = Release|Any CPU
		{F9F3894F-891E-48C9-BC76-254CB4CDA58B}.Debug|Any CPU.ActiveCfg = Debug|Any CPU
		{F9F3894F-891E-48C9-BC76-254CB4CDA58B}.Debug|Any CPU.Build.0 = Debug|Any CPU
		{F9F3894F-891E-48C9-BC76-254CB4CDA58B}.Release|Any CPU.ActiveCfg = Release|Any CPU
		{F9F3894F-891E-48C9-BC76-254CB4CDA58B}.Release|Any CPU.Build.0 = Release|Any CPU
		{B1D64C16-2177-460E-B826-D921EDCCBD95}.Debug|Any CPU.ActiveCfg = Debug|Any CPU
		{B1D64C16-2177-460E-B826-D921EDCCBD95}.Debug|Any CPU.Build.0 = Debug|Any CPU
		{B1D64C16-2177-460E-B826-D921EDCCBD95}.Release|Any CPU.ActiveCfg = Release|Any CPU
		{B1D64C16-2177-460E-B826-D921EDCCBD95}.Release|Any CPU.Build.0 = Release|Any CPU
		{1E900C7A-43E5-42F1-A794-220ADAB5D51E}.Debug|Any CPU.ActiveCfg = Debug|Any CPU
		{1E900C7A-43E5-42F1-A794-220ADAB5D51E}.Debug|Any CPU.Build.0 = Debug|Any CPU
		{1E900C7A-43E5-42F1-A794-220ADAB5D51E}.Release|Any CPU.ActiveCfg = Release|Any CPU
		{1E900C7A-43E5-42F1-A794-220ADAB5D51E}.Release|Any CPU.Build.0 = Release|Any CPU
		{FDFAECBA-B6D6-4D64-AE53-0F13891F81BD}.Debug|Any CPU.ActiveCfg = Debug|Any CPU
		{FDFAECBA-B6D6-4D64-AE53-0F13891F81BD}.Debug|Any CPU.Build.0 = Debug|Any CPU
		{FDFAECBA-B6D6-4D64-AE53-0F13891F81BD}.Release|Any CPU.ActiveCfg = Release|Any CPU
		{FDFAECBA-B6D6-4D64-AE53-0F13891F81BD}.Release|Any CPU.Build.0 = Release|Any CPU
		{F3EC7CBD-27F7-4417-A73B-E91B031D405F}.Debug|Any CPU.ActiveCfg = Debug|Any CPU
		{F3EC7CBD-27F7-4417-A73B-E91B031D405F}.Debug|Any CPU.Build.0 = Debug|Any CPU
		{F3EC7CBD-27F7-4417-A73B-E91B031D405F}.Release|Any CPU.ActiveCfg = Release|Any CPU
		{F3EC7CBD-27F7-4417-A73B-E91B031D405F}.Release|Any CPU.Build.0 = Release|Any CPU
	EndGlobalSection
	GlobalSection(SolutionProperties) = preSolution
		HideSolutionNode = FALSE
	EndGlobalSection
	GlobalSection(NestedProjects) = preSolution
		{44D8E51E-41F1-4882-9B2E-AADDF2A27CE0} = {59408425-F4E9-40F3-9B1B-45836EEB9218}
		{F49D8CC7-DAB7-45DD-A1D7-4AAA18F05024} = {44D8E51E-41F1-4882-9B2E-AADDF2A27CE0}
		{28DF8274-AA6A-417F-9C81-47D914D17B7F} = {44D8E51E-41F1-4882-9B2E-AADDF2A27CE0}
		{AC57EDCE-DB98-4C9C-9759-50A9F1D248A7} = {44D8E51E-41F1-4882-9B2E-AADDF2A27CE0}
		{7E82A77F-9D7E-4075-888A-3257D7208EF9} = {59408425-F4E9-40F3-9B1B-45836EEB9218}
		{A954C0E5-C1A3-45AE-92EB-E35666DF2218} = {7E82A77F-9D7E-4075-888A-3257D7208EF9}
		{5E65856D-AD86-443C-BC1F-55042F24E7B1} = {7E82A77F-9D7E-4075-888A-3257D7208EF9}
		{4EB40282-4A5E-49D1-8F06-D719828BC931} = {7E82A77F-9D7E-4075-888A-3257D7208EF9}
		{9D780B8B-EE5B-4119-BED4-72B3FF2463FD} = {7E82A77F-9D7E-4075-888A-3257D7208EF9}
		{6ABC90BD-B835-44A9-A7AA-365230642A93} = {7E82A77F-9D7E-4075-888A-3257D7208EF9}
		{0678D952-B02B-4600-A2BE-613940FDDDEB} = {59408425-F4E9-40F3-9B1B-45836EEB9218}
		{C3FBF849-69FD-49D8-9731-41E709F2ECE1} = {0678D952-B02B-4600-A2BE-613940FDDDEB}
		{B02AFEC0-8664-4347-B26E-D92FA06C5DC1} = {0678D952-B02B-4600-A2BE-613940FDDDEB}
		{26B4C622-C614-4A20-AD80-C0923CA53B5E} = {0678D952-B02B-4600-A2BE-613940FDDDEB}
		{EB902C4C-D172-459D-969A-527C4A83CF35} = {E58362CD-7CA5-4C61-B764-F14946C8A60A}
		{E34202F9-8626-4F11-9ED2-67DB91E24537} = {EB902C4C-D172-459D-969A-527C4A83CF35}
		{3090AB5F-565F-455C-A3D6-70AD8FD3829B} = {EB902C4C-D172-459D-969A-527C4A83CF35}
		{7482136D-5C20-4858-9CA4-AE8565733D9A} = {EB902C4C-D172-459D-969A-527C4A83CF35}
		{7F22B492-F513-4EF8-81A7-657EA60C2FA9} = {E58362CD-7CA5-4C61-B764-F14946C8A60A}
		{2728182A-B77A-4A83-A59A-EE8FEB26761D} = {7F22B492-F513-4EF8-81A7-657EA60C2FA9}
		{1CB451DC-4022-43DE-B50A-87A66547D1CF} = {7F22B492-F513-4EF8-81A7-657EA60C2FA9}
		{9724962F-DDCF-4BF3-A7F5-AC2B03614D87} = {7F22B492-F513-4EF8-81A7-657EA60C2FA9}
		{F9F3894F-891E-48C9-BC76-254CB4CDA58B} = {7F22B492-F513-4EF8-81A7-657EA60C2FA9}
		{B1D64C16-2177-460E-B826-D921EDCCBD95} = {7F22B492-F513-4EF8-81A7-657EA60C2FA9}
		{6DB15227-8735-478E-BD4E-66BD521C5B0E} = {E58362CD-7CA5-4C61-B764-F14946C8A60A}
		{1E900C7A-43E5-42F1-A794-220ADAB5D51E} = {6DB15227-8735-478E-BD4E-66BD521C5B0E}
		{FDFAECBA-B6D6-4D64-AE53-0F13891F81BD} = {6DB15227-8735-478E-BD4E-66BD521C5B0E}
		{F3EC7CBD-27F7-4417-A73B-E91B031D405F} = {6DB15227-8735-478E-BD4E-66BD521C5B0E}
	EndGlobalSection
	GlobalSection(ExtensibilityGlobals) = postSolution
		SolutionGuid = {6C8FC5AD-F56F-4E50-BE38-F552D9D5618A}
	EndGlobalSection
EndGlobal
